
Microsoft Visual Studio Solution File, Format Version 12.00
# Visual Studio 15
VisualStudioVersion = 15.0.28307.489
MinimumVisualStudioVersion = 10.0.40219.1
Project("{FAE04EC0-301F-11D3-BF4B-00C04F79EFBC}") = "EjCombo", "EjCombo\EjCombo.csproj", "{89EFBB13-CBEE-47B0-AC62-E4B6888D6769}"
	ProjectSection(ProjectDependencies) = postProject
		{73405329-C4B0-49B1-9ED6-477246FA43C8} = {73405329-C4B0-49B1-9ED6-477246FA43C8}
		{978073C8-E800-4949-AF0A-AA7E3C5BC5D8} = {978073C8-E800-4949-AF0A-AA7E3C5BC5D8}
	EndProjectSection
EndProject
Project("{FAE04EC0-301F-11D3-BF4B-00C04F79EFBC}") = "EjCombo.Repository", "EjCombo.Repository\EjCombo.Repository.csproj", "{978073C8-E800-4949-AF0A-AA7E3C5BC5D8}"
EndProject
Project("{FAE04EC0-301F-11D3-BF4B-00C04F79EFBC}") = "EjCombo.Services", "EjCombo.Services\EjCombo.Services.csproj", "{73405329-C4B0-49B1-9ED6-477246FA43C8}"
	ProjectSection(ProjectDependencies) = postProject
		{978073C8-E800-4949-AF0A-AA7E3C5BC5D8} = {978073C8-E800-4949-AF0A-AA7E3C5BC5D8}
	EndProjectSection
EndProject
Global
	GlobalSection(SolutionConfigurationPlatforms) = preSolution
		Debug|Any CPU = Debug|Any CPU
		Release|Any CPU = Release|Any CPU
	EndGlobalSection
	GlobalSection(ProjectConfigurationPlatforms) = postSolution
		{89EFBB13-CBEE-47B0-AC62-E4B6888D6769}.Debug|Any CPU.ActiveCfg = Debug|Any CPU
		{89EFBB13-CBEE-47B0-AC62-E4B6888D6769}.Debug|Any CPU.Build.0 = Debug|Any CPU
		{89EFBB13-CBEE-47B0-AC62-E4B6888D6769}.Release|Any CPU.ActiveCfg = Release|Any CPU
		{89EFBB13-CBEE-47B0-AC62-E4B6888D6769}.Release|Any CPU.Build.0 = Release|Any CPU
		{978073C8-E800-4949-AF0A-AA7E3C5BC5D8}.Debug|Any CPU.ActiveCfg = Debug|Any CPU
		{978073C8-E800-4949-AF0A-AA7E3C5BC5D8}.Debug|Any CPU.Build.0 = Debug|Any CPU
		{978073C8-E800-4949-AF0A-AA7E3C5BC5D8}.Release|Any CPU.ActiveCfg = Release|Any CPU
		{978073C8-E800-4949-AF0A-AA7E3C5BC5D8}.Release|Any CPU.Build.0 = Release|Any CPU
		{73405329-C4B0-49B1-9ED6-477246FA43C8}.Debug|Any CPU.ActiveCfg = Debug|Any CPU
		{73405329-C4B0-49B1-9ED6-477246FA43C8}.Debug|Any CPU.Build.0 = Debug|Any CPU
		{73405329-C4B0-49B1-9ED6-477246FA43C8}.Release|Any CPU.ActiveCfg = Release|Any CPU
		{73405329-C4B0-49B1-9ED6-477246FA43C8}.Release|Any CPU.Build.0 = Release|Any CPU
	EndGlobalSection
	GlobalSection(SolutionProperties) = preSolution
		HideSolutionNode = FALSE
	EndGlobalSection
	GlobalSection(ExtensibilityGlobals) = postSolution
		SolutionGuid = {34B9B4DC-EC7D-4288-9CC0-4CAAE1285BBC}
	EndGlobalSection
EndGlobal
